
Microsoft Visual Studio Solution File, Format Version 12.00
# Visual Studio Version 17
VisualStudioVersion = 17.9.34902.65
MinimumVisualStudioVersion = 10.0.40219.1
Project("{FAE04EC0-301F-11D3-BF4B-00C04F79EFBC}") = "EnergiOverblikApp", "EnergiOverblikApp\EnergiOverblikApp.csproj", "{C8C427FE-C2AE-4A43-B080-9CE068BB9C03}"
EndProject
Global
	GlobalSection(SolutionConfigurationPlatforms) = preSolution
		Debug|Any CPU = Debug|Any CPU
		Release|Any CPU = Release|Any CPU
	EndGlobalSection
	GlobalSection(ProjectConfigurationPlatforms) = postSolution
		{C8C427FE-C2AE-4A43-B080-9CE068BB9C03}.Debug|Any CPU.ActiveCfg = Debug|Any CPU
		{C8C427FE-C2AE-4A43-B080-9CE068BB9C03}.Debug|Any CPU.Build.0 = Debug|Any CPU
		{C8C427FE-C2AE-4A43-B080-9CE068BB9C03}.Release|Any CPU.ActiveCfg = Release|Any CPU
		{C8C427FE-C2AE-4A43-B080-9CE068BB9C03}.Release|Any CPU.Build.0 = Release|Any CPU
	EndGlobalSection
	GlobalSection(SolutionProperties) = preSolution
		HideSolutionNode = FALSE
	EndGlobalSection
	GlobalSection(ExtensibilityGlobals) = postSolution
		SolutionGuid = {7532A531-69B0-4258-9A84-86C8ADD0B8ED}
	EndGlobalSection
EndGlobal
